
Microsoft Visual Studio Solution File, Format Version 12.00
# Visual Studio Version 16
VisualStudioVersion = 16.0.30104.148
MinimumVisualStudioVersion = 10.0.40219.1
Project("{9A19103F-16F7-4668-BE54-9A1E7A4F7556}") = "001 - 增加班级信息", "001 - 增加班级信息.csproj", "{712C0DC8-5DBA-4ED1-8358-17DF8EAF9E19}"
EndProject
Project("{FAE04EC0-301F-11D3-BF4B-00C04F79EFBC}") = "002 - 方法只是用来接收合适的返回值", "..\002 - 方法只是用来接收合适的返回值\002 - 方法只是用来接收合适的返回值.csproj", "{B24527FF-EDFB-493B-A044-59075C989E0A}"
EndProject
Project("{FAE04EC0-301F-11D3-BF4B-00C04F79EFBC}") = "003 - 获取标识列", "..\003 - 获取标识列\003 - 获取标识列.csproj", "{FBEE0929-E907-4E7A-91AD-5E58B56E14BC}"
EndProject
Project("{FAE04EC0-301F-11D3-BF4B-00C04F79EFBC}") = "004 - 创建读取器对象读取数据", "..\004 - 创建读取器对象读取数据\004 - 创建读取器对象读取数据.csproj", "{F4FC6CAD-CA73-45B9-A780-32C3ED709096}"
EndProject
Project("{FAE04EC0-301F-11D3-BF4B-00C04F79EFBC}") = "005 - 几种创建连接字符串的方法", "..\005 - 几种创建连接字符串的方法\005 - 几种创建连接字符串的方法.csproj", "{CC5F0677-1CFA-459E-94FC-200CBE0E57A5}"
EndProject
Project("{FAE04EC0-301F-11D3-BF4B-00C04F79EFBC}") = "006 - 连接池", "..\006 - 连接池\006 - 连接池.csproj", "{EC207542-6C5C-4658-9EEA-D99B07E1605E}"
EndProject
Project("{FAE04EC0-301F-11D3-BF4B-00C04F79EFBC}") = "007 - 登录和注册", "..\007 - 登录和注册\007 - 登录和注册.csproj", "{82C690F7-A202-4113-99F6-E5AD1F2419D3}"
EndProject
Global
	GlobalSection(SolutionConfigurationPlatforms) = preSolution
		Debug|Any CPU = Debug|Any CPU
		Release|Any CPU = Release|Any CPU
	EndGlobalSection
	GlobalSection(ProjectConfigurationPlatforms) = postSolution
		{712C0DC8-5DBA-4ED1-8358-17DF8EAF9E19}.Debug|Any CPU.ActiveCfg = Debug|Any CPU
		{712C0DC8-5DBA-4ED1-8358-17DF8EAF9E19}.Debug|Any CPU.Build.0 = Debug|Any CPU
		{712C0DC8-5DBA-4ED1-8358-17DF8EAF9E19}.Release|Any CPU.ActiveCfg = Release|Any CPU
		{712C0DC8-5DBA-4ED1-8358-17DF8EAF9E19}.Release|Any CPU.Build.0 = Release|Any CPU
		{B24527FF-EDFB-493B-A044-59075C989E0A}.Debug|Any CPU.ActiveCfg = Debug|Any CPU
		{B24527FF-EDFB-493B-A044-59075C989E0A}.Debug|Any CPU.Build.0 = Debug|Any CPU
		{B24527FF-EDFB-493B-A044-59075C989E0A}.Release|Any CPU.ActiveCfg = Release|Any CPU
		{B24527FF-EDFB-493B-A044-59075C989E0A}.Release|Any CPU.Build.0 = Release|Any CPU
		{FBEE0929-E907-4E7A-91AD-5E58B56E14BC}.Debug|Any CPU.ActiveCfg = Debug|Any CPU
		{FBEE0929-E907-4E7A-91AD-5E58B56E14BC}.Debug|Any CPU.Build.0 = Debug|Any CPU
		{FBEE0929-E907-4E7A-91AD-5E58B56E14BC}.Release|Any CPU.ActiveCfg = Release|Any CPU
		{FBEE0929-E907-4E7A-91AD-5E58B56E14BC}.Release|Any CPU.Build.0 = Release|Any CPU
		{F4FC6CAD-CA73-45B9-A780-32C3ED709096}.Debug|Any CPU.ActiveCfg = Debug|Any CPU
		{F4FC6CAD-CA73-45B9-A780-32C3ED709096}.Debug|Any CPU.Build.0 = Debug|Any CPU
		{F4FC6CAD-CA73-45B9-A780-32C3ED709096}.Release|Any CPU.ActiveCfg = Release|Any CPU
		{F4FC6CAD-CA73-45B9-A780-32C3ED709096}.Release|Any CPU.Build.0 = Release|Any CPU
		{CC5F0677-1CFA-459E-94FC-200CBE0E57A5}.Debug|Any CPU.ActiveCfg = Debug|Any CPU
		{CC5F0677-1CFA-459E-94FC-200CBE0E57A5}.Debug|Any CPU.Build.0 = Debug|Any CPU
		{CC5F0677-1CFA-459E-94FC-200CBE0E57A5}.Release|Any CPU.ActiveCfg = Release|Any CPU
		{CC5F0677-1CFA-459E-94FC-200CBE0E57A5}.Release|Any CPU.Build.0 = Release|Any CPU
		{EC207542-6C5C-4658-9EEA-D99B07E1605E}.Debug|Any CPU.ActiveCfg = Debug|Any CPU
		{EC207542-6C5C-4658-9EEA-D99B07E1605E}.Debug|Any CPU.Build.0 = Debug|Any CPU
		{EC207542-6C5C-4658-9EEA-D99B07E1605E}.Release|Any CPU.ActiveCfg = Release|Any CPU
		{EC207542-6C5C-4658-9EEA-D99B07E1605E}.Release|Any CPU.Build.0 = Release|Any CPU
		{82C690F7-A202-4113-99F6-E5AD1F2419D3}.Debug|Any CPU.ActiveCfg = Debug|Any CPU
		{82C690F7-A202-4113-99F6-E5AD1F2419D3}.Debug|Any CPU.Build.0 = Debug|Any CPU
		{82C690F7-A202-4113-99F6-E5AD1F2419D3}.Release|Any CPU.ActiveCfg = Release|Any CPU
		{82C690F7-A202-4113-99F6-E5AD1F2419D3}.Release|Any CPU.Build.0 = Release|Any CPU
	EndGlobalSection
	GlobalSection(SolutionProperties) = preSolution
		HideSolutionNode = FALSE
	EndGlobalSection
	GlobalSection(ExtensibilityGlobals) = postSolution
		SolutionGuid = {2B7537D2-9950-4175-8FE2-24E1EC7ECF6F}
	EndGlobalSection
EndGlobal
